
Microsoft Visual Studio Solution File, Format Version 12.00
# Visual Studio 15
VisualStudioVersion = 15.0.26228.12
MinimumVisualStudioVersion = 10.0.40219.1
Project("{8BC9CEB8-8B4A-11D0-8D11-00A0C91BC942}") = "P1.1 Ryan Andersen", "P1.1-5 Ryan Andersen\P1.1-5 Ryan Andersen.vcxproj", "{A6E7B69E-37FE-4164-BA03-657B2B18BA4F}"
EndProject
Project("{8BC9CEB8-8B4A-11D0-8D11-00A0C91BC942}") = "P1.2", "ConsoleApplication1\ConsoleApplication1.vcxproj", "{DFBBDD53-4941-4696-9E15-FF40A015C614}"
EndProject
Project("{8BC9CEB8-8B4A-11D0-8D11-00A0C91BC942}") = "P1.3", "P1.3\P1.3.vcxproj", "{D2B1E5EB-4845-4FA2-994A-AEB786A9DC0B}"
EndProject
Project("{8BC9CEB8-8B4A-11D0-8D11-00A0C91BC942}") = "P1.5", "P1.5\P1.5.vcxproj", "{1644EAA3-23B6-45C4-A70D-468C3397FE1D}"
EndProject
Global
	GlobalSection(SolutionConfigurationPlatforms) = preSolution
		Debug|x64 = Debug|x64
		Debug|x86 = Debug|x86
		Release|x64 = Release|x64
		Release|x86 = Release|x86
	EndGlobalSection
	GlobalSection(ProjectConfigurationPlatforms) = postSolution
		{A6E7B69E-37FE-4164-BA03-657B2B18BA4F}.Debug|x64.ActiveCfg = Debug|x64
		{A6E7B69E-37FE-4164-BA03-657B2B18BA4F}.Debug|x64.Build.0 = Debug|x64
		{A6E7B69E-37FE-4164-BA03-657B2B18BA4F}.Debug|x86.ActiveCfg = Debug|Win32
		{A6E7B69E-37FE-4164-BA03-657B2B18BA4F}.Debug|x86.Build.0 = Debug|Win32
		{A6E7B69E-37FE-4164-BA03-657B2B18BA4F}.Release|x64.ActiveCfg = Release|x64
		{A6E7B69E-37FE-4164-BA03-657B2B18BA4F}.Release|x64.Build.0 = Release|x64
		{A6E7B69E-37FE-4164-BA03-657B2B18BA4F}.Release|x86.ActiveCfg = Release|Win32
		{A6E7B69E-37FE-4164-BA03-657B2B18BA4F}.Release|x86.Build.0 = Release|Win32
		{DFBBDD53-4941-4696-9E15-FF40A015C614}.Debug|x64.ActiveCfg = Debug|x64
		{DFBBDD53-4941-4696-9E15-FF40A015C614}.Debug|x64.Build.0 = Debug|x64
		{DFBBDD53-4941-4696-9E15-FF40A015C614}.Debug|x86.ActiveCfg = Debug|Win32
		{DFBBDD53-4941-4696-9E15-FF40A015C614}.Debug|x86.Build.0 = Debug|Win32
		{DFBBDD53-4941-4696-9E15-FF40A015C614}.Release|x64.ActiveCfg = Release|x64
		{DFBBDD53-4941-4696-9E15-FF40A015C614}.Release|x64.Build.0 = Release|x64
		{DFBBDD53-4941-4696-9E15-FF40A015C614}.Release|x86.ActiveCfg = Release|Win32
		{DFBBDD53-4941-4696-9E15-FF40A015C614}.Release|x86.Build.0 = Release|Win32
		{D2B1E5EB-4845-4FA2-994A-AEB786A9DC0B}.Debug|x64.ActiveCfg = Debug|x64
		{D2B1E5EB-4845-4FA2-994A-AEB786A9DC0B}.Debug|x64.Build.0 = Debug|x64
		{D2B1E5EB-4845-4FA2-994A-AEB786A9DC0B}.Debug|x86.ActiveCfg = Debug|Win32
		{D2B1E5EB-4845-4FA2-994A-AEB786A9DC0B}.Debug|x86.Build.0 = Debug|Win32
		{D2B1E5EB-4845-4FA2-994A-AEB786A9DC0B}.Release|x64.ActiveCfg = Release|x64
		{D2B1E5EB-4845-4FA2-994A-AEB786A9DC0B}.Release|x64.Build.0 = Release|x64
		{D2B1E5EB-4845-4FA2-994A-AEB786A9DC0B}.Release|x86.ActiveCfg = Release|Win32
		{D2B1E5EB-4845-4FA2-994A-AEB786A9DC0B}.Release|x86.Build.0 = Release|Win32
		{1644EAA3-23B6-45C4-A70D-468C3397FE1D}.Debug|x64.ActiveCfg = Debug|x64
		{1644EAA3-23B6-45C4-A70D-468C3397FE1D}.Debug|x64.Build.0 = Debug|x64
		{1644EAA3-23B6-45C4-A70D-468C3397FE1D}.Debug|x86.ActiveCfg = Debug|Win32
		{1644EAA3-23B6-45C4-A70D-468C3397FE1D}.Debug|x86.Build.0 = Debug|Win32
		{1644EAA3-23B6-45C4-A70D-468C3397FE1D}.Release|x64.ActiveCfg = Release|x64
		{1644EAA3-23B6-45C4-A70D-468C3397FE1D}.Release|x64.Build.0 = Release|x64
		{1644EAA3-23B6-45C4-A70D-468C3397FE1D}.Release|x86.ActiveCfg = Release|Win32
		{1644EAA3-23B6-45C4-A70D-468C3397FE1D}.Release|x86.Build.0 = Release|Win32
	EndGlobalSection
	GlobalSection(SolutionProperties) = preSolution
		HideSolutionNode = FALSE
	EndGlobalSection
EndGlobal
